Microsoft Visual Studio Solution File, Format Version 12.00
# Visual Studio Version 17
VisualStudioVersion = 17.5.2.0
MinimumVisualStudioVersion = 10.0.40219.1
Project("{FAE04EC0-301F-11D3-BF4B-00C04F79EFBC}") = "GerenciamentoEventosHoteis", "GerenciamentoEventosHoteis.csproj", "{6AD3C63A-86C3-E8D6-DFD9-98E45DCE1A31}"
EndProject
Global
	GlobalSection(SolutionConfigurationPlatforms) = preSolution
		Debug|Any CPU = Debug|Any CPU
		Release|Any CPU = Release|Any CPU
	EndGlobalSection
	GlobalSection(ProjectConfigurationPlatforms) = postSolution
		{6AD3C63A-86C3-E8D6-DFD9-98E45DCE1A31}.Debug|Any CPU.ActiveCfg = Debug|Any CPU
		{6AD3C63A-86C3-E8D6-DFD9-98E45DCE1A31}.Debug|Any CPU.Build.0 = Debug|Any CPU
		{6AD3C63A-86C3-E8D6-DFD9-98E45DCE1A31}.Release|Any CPU.ActiveCfg = Release|Any CPU
		{6AD3C63A-86C3-E8D6-DFD9-98E45DCE1A31}.Release|Any CPU.Build.0 = Release|Any CPU
	EndGlobalSection
	GlobalSection(SolutionProperties) = preSolution
		HideSolutionNode = FALSE
	EndGlobalSection
	GlobalSection(ExtensibilityGlobals) = postSolution
		SolutionGuid = {E3844B46-80A4-4AD4-911C-2A118B4C5C31}
	EndGlobalSection
EndGlobal
